{
    "_meta": {
        "hash": {
            "sha256": "52d9813441f205ec870fa1964bf0f798435ef0d7d2cdafd82f7d5b95b6a4a759"
        },
        "pipfile-spec": 6,
        "requires": {
            "python_version": "3.11"
        },
        "sources": [
            {
                "name": "pypi",
                "url": "https://pypi.org/simple",
                "verify_ssl": true
            }
        ]
    },
    "default": {},
    "develop": {}
}
